// !$*UTF8*$!
{
	archiveVersion = 1;
	classes = {
	};
	objectVersion = 46;
	objects = {

/* Begin PBXBuildFile section */
		300B61471D079A26006BF5FB /* AppDelegate.swift in Sources */ = {isa = PBXBuildFile; fileRef = 300B61461D079A26006BF5FB /* AppDelegate.swift */; };
		300B61491D079A26006BF5FB /* ViewController.swift in Sources */ = {isa = PBXBuildFile; fileRef = 300B61481D079A26006BF5FB /* ViewController.swift */; };
		300B614C1D079A26006BF5FB /* Main.storyboard in Resources */ = {isa = PBXBuildFile; fileRef = 300B614A1D079A26006BF5FB /* Main.storyboard */; };
		300B614E1D079A26006BF5FB /* Assets.xcassets in Resources */ = {isa = PBXBuildFile; fileRef = 300B614D1D079A26006BF5FB /* Assets.xcassets */; };
		300B61511D079A26006BF5FB /* LaunchScreen.storyboard in Resources */ = {isa = PBXBuildFile; fileRef = 300B614F1D079A26006BF5FB /* LaunchScreen.storyboard */; };
		300B615C1D079A27006BF5FB /* CS556_A_Bhimani_16246_HW4Tests.swift in Sources */ = {isa = PBXBuildFile; fileRef = 300B615B1D079A27006BF5FB /* CS556_A_Bhimani_16246_HW4Tests.swift */; };
		300B61671D079A27006BF5FB /* CS556_A_Bhimani_16246_HW4UITests.swift in Sources */ = {isa = PBXBuildFile; fileRef = 300B61661D079A27006BF5FB /* CS556_A_Bhimani_16246_HW4UITests.swift */; };
		30D5253E1D0CEC27006700C6 /* MapKit.framework in Frameworks */ = {isa = PBXBuildFile; fileRef = 30D5253D1D0CEC27006700C6 /* MapKit.framework */; };
/* End PBXBuildFile section */

/* Begin PBXContainerItemProxy section */
		300B61581D079A27006BF5FB /* PBXContainerItemProxy */ = {
			isa = PBXContainerItemProxy;
			containerPortal = 300B613B1D079A26006BF5FB /* Project object */;
			proxyType = 1;
			remoteGlobalIDString = 300B61421D079A26006BF5FB;
			remoteInfo = CS556_A_Bhimani_16246_HW4;
		};
		300B61631D079A27006BF5FB /* PBXContainerItemProxy */ = {
			isa = PBXContainerItemProxy;
			containerPortal = 300B613B1D079A26006BF5FB /* Project object */;
			proxyType = 1;
			remoteGlobalIDString = 300B61421D079A26006BF5FB;
			remoteInfo = CS556_A_Bhimani_16246_HW4;
		};
/* End PBXContainerItemProxy section */

/* Begin PBXFileReference section */
		300B61431D079A26006BF5FB /* CS556_A_Bhimani_16246_HW4.app */ = {isa = PBXFileReference; explicitFileType = wrapper.application; includeInIndex = 0; path = CS556_A_Bhimani_16246_HW4.app; sourceTree = BUILT_PRODUCTS_DIR; };
		300B61461D079A26006BF5FB /* AppDelegate.swift */ = {isa = PBXFileReference; lastKnownFileType = sourcecode.swift; path = AppDelegate.swift; sourceTree = "<group>"; };
		300B61481D079A26006BF5FB /* ViewController.swift */ = {isa = PBXFileReference; lastKnownFileType = sourcecode.swift; path = ViewController.swift; sourceTree = "<group>"; };
		300B614B1D079A26006BF5FB /* Base */ = {isa = PBXFileReference; lastKnownFileType = file.storyboard; name = Base; path = Base.lproj/Main.storyboard; sourceTree = "<group>"; };
		300B614D1D079A26006BF5FB /* Assets.xcassets */ = {isa = PBXFileReference; lastKnownFileType = folder.assetcatalog; path = Assets.xcassets; sourceTree = "<group>"; };
		300B61501D079A26006BF5FB /* Base */ = {isa = PBXFileReference; lastKnownFileType = file.storyboard; name = Base; path = Base.lproj/LaunchScreen.storyboard; sourceTree = "<group>"; };
		300B61521D079A26006BF5FB /* Info.plist */ = {isa = PBXFileReference; lastKnownFileType = text.plist.xml; path = Info.plist; sourceTree = "<group>"; };
		300B61571D079A27006BF5FB /* CS556_A_Bhimani_16246_HW4Tests.xctest */ = {isa = PBXFileReference; explicitFileType = wrapper.cfbundle; includeInIndex = 0; path = CS556_A_Bhimani_16246_HW4Tests.xctest; sourceTree = BUILT_PRODUCTS_DIR; };
		300B615B1D079A27006BF5FB /* CS556_A_Bhimani_16246_HW4Tests.swift */ = {isa = PBXFileReference; lastKnownFileType = sourcecode.swift; path = CS556_A_Bhimani_16246_HW4Tests.swift; sourceTree = "<group>"; };
		300B615D1D079A27006BF5FB /* Info.plist */ = {isa = PBXFileReference; lastKnownFileType = text.plist.xml; path = Info.plist; sourceTree = "<group>"; };
		300B61621D079A27006BF5FB /* CS556_A_Bhimani_16246_HW4UITests.xctest */ = {isa = PBXFileReference; explicitFileType = wrapper.cfbundle; includeInIndex = 0; path = CS556_A_Bhimani_16246_HW4UITests.xctest; sourceTree = BUILT_PRODUCTS_DIR; };
		300B61661D079A27006BF5FB /* CS556_A_Bhimani_16246_HW4UITests.swift */ = {isa = PBXFileReference; lastKnownFileType = sourcecode.swift; path = CS556_A_Bhimani_16246_HW4UITests.swift; sourceTree = "<group>"; };
		300B61681D079A27006BF5FB /* Info.plist */ = {isa = PBXFileReference; lastKnownFileType = text.plist.xml; path = Info.plist; sourceTree = "<group>"; };
		30D5253D1D0CEC27006700C6 /* MapKit.framework */ = {isa = PBXFileReference; lastKnownFileType = wrapper.framework; name = MapKit.framework; path = System/Library/Frameworks/MapKit.framework; sourceTree = SDKROOT; };
/* End PBXFileReference section */

/* Begin PBXFrameworksBuildPhase section */
		300B61401D079A26006BF5FB /* Frameworks */ = {
			isa = PBXFrameworksBuildPhase;
			buildActionMask = 2147483647;
			files = (
				30D5253E1D0CEC27006700C6 /* MapKit.framework in Frameworks */,
			);
			runOnlyForDeploymentPostprocessing = 0;
		};
		300B61541D079A27006BF5FB /* Frameworks */ = {
			isa = PBXFrameworksBuildPhase;
			buildActionMask = 2147483647;
			files = (
			);
			runOnlyForDeploymentPostprocessing = 0;
		};
		300B615F1D079A27006BF5FB /* Frameworks */ = {
			isa = PBXFrameworksBuildPhase;
			buildActionMask = 2147483647;
			files = (
			);
			runOnlyForDeploymentPostprocessing = 0;
		};
/* End PBXFrameworksBuildPhase section */

/* Begin PBXGroup section */
		300B613A1D079A26006BF5FB = {
			isa = PBXGroup;
			children = (
				30D5253D1D0CEC27006700C6 /* MapKit.framework */,
				300B61451D079A26006BF5FB /* CS556_A_Bhimani_16246_HW4 */,
				300B615A1D079A27006BF5FB /* CS556_A_Bhimani_16246_HW4Tests */,
				300B61651D079A27006BF5FB /* CS556_A_Bhimani_16246_HW4UITests */,
				300B61441D079A26006BF5FB /* Products */,
			);
			sourceTree = "<group>";
		};
		300B61441D079A26006BF5FB /* Products */ = {
			isa = PBXGroup;
			children = (
				300B61431D079A26006BF5FB /* CS556_A_Bhimani_16246_HW4.app */,
				300B61571D079A27006BF5FB /* CS556_A_Bhimani_16246_HW4Tests.xctest */,
				300B61621D079A27006BF5FB /* CS556_A_Bhimani_16246_HW4UITests.xctest */,
			);
			name = Products;
			sourceTree = "<group>";
		};
		300B61451D079A26006BF5FB /* CS556_A_Bhimani_16246_HW4 */ = {
			isa = PBXGroup;
			children = (
				300B61461D079A26006BF5FB /* AppDelegate.swift */,
				300B61481D079A26006BF5FB /* ViewController.swift */,
				300B614A1D079A26006BF5FB /* Main.storyboard */,
				300B614D1D079A26006BF5FB /* Assets.xcassets */,
				300B614F1D079A26006BF5FB /* LaunchScreen.storyboard */,
				300B61521D079A26006BF5FB /* Info.plist */,
			);
			path = CS556_A_Bhimani_16246_HW4;
			sourceTree = "<group>";
		};
		300B615A1D079A27006BF5FB /* CS556_A_Bhimani_16246_HW4Tests */ = {
			isa = PBXGroup;
			children = (
				300B615B1D079A27006BF5FB /* CS556_A_Bhimani_16246_HW4Tests.swift */,
				300B615D1D079A27006BF5FB /* Info.plist */,
			);
			path = CS556_A_Bhimani_16246_HW4Tests;
			sourceTree = "<group>";
		};
		300B61651D079A27006BF5FB /* CS556_A_Bhimani_16246_HW4UITests */ = {
			isa = PBXGroup;
			children = (
				300B61661D079A27006BF5FB /* CS556_A_Bhimani_16246_HW4UITests.swift */,
				300B61681D079A27006BF5FB /* Info.plist */,
			);
			path = CS556_A_Bhimani_16246_HW4UITests;
			sourceTree = "<group>";
		};
/* End PBXGroup section */

/* Begin PBXNativeTarget section */
		300B61421D079A26006BF5FB /* CS556_A_Bhimani_16246_HW4 */ = {
			isa = PBXNativeTarget;
			buildConfigurationList = 300B616B1D079A27006BF5FB /* Build configuration list for PBXNativeTarget "CS556_A_Bhimani_16246_HW4" */;
			buildPhases = (
				300B613F1D079A26006BF5FB /* Sources */,
				300B61401D079A26006BF5FB /* Frameworks */,
				300B61411D079A26006BF5FB /* Resources */,
			);
			buildRules = (
			);
			dependencies = (
			);
			name = CS556_A_Bhimani_16246_HW4;
			productName = CS556_A_Bhimani_16246_HW4;
			productReference = 300B61431D079A26006BF5FB /* CS556_A_Bhimani_16246_HW4.app */;
			productType = "com.apple.product-type.application";
		};
		300B61561D079A27006BF5FB /* CS556_A_Bhimani_16246_HW4Tests */ = {
			isa = PBXNativeTarget;
			buildConfigurationList = 300B616E1D079A27006BF5FB /* Build configuration list for PBXNativeTarget "CS556_A_Bhimani_16246_HW4Tests" */;
			buildPhases = (
				300B61531D079A27006BF5FB /* Sources */,
				300B61541D079A27006BF5FB /* Frameworks */,
				300B61551D079A27006BF5FB /* Resources */,
			);
			buildRules = (
			);
			dependencies = (
				300B61591D079A27006BF5FB /* PBXTargetDependency */,
			);
			name = CS556_A_Bhimani_16246_HW4Tests;
			productName = CS556_A_Bhimani_16246_HW4Tests;
			productReference = 300B61571D079A27006BF5FB /* CS556_A_Bhimani_16246_HW4Tests.xctest */;
			productType = "com.apple.product-type.bundle.unit-test";
		};
		300B61611D079A27006BF5FB /* CS556_A_Bhimani_16246_HW4UITests */ = {
			isa = PBXNativeTarget;
			buildConfigurationList = 300B61711D079A27006BF5FB /* Build configuration list for PBXNativeTarget "CS556_A_Bhimani_16246_HW4UITests" */;
			buildPhases = (
				300B615E1D079A27006BF5FB /* Sources */,
				300B615F1D079A27006BF5FB /* Frameworks */,
				300B61601D079A27006BF5FB /* Resources */,
			);
			buildRules = (
			);
			dependencies = (
				300B61641D079A27006BF5FB /* PBXTargetDependency */,
			);
			name = CS556_A_Bhimani_16246_HW4UITests;
			productName = CS556_A_Bhimani_16246_HW4UITests;
			productReference = 300B61621D079A27006BF5FB /* CS556_A_Bhimani_16246_HW4UITests.xctest */;
			productType = "com.apple.product-type.bundle.ui-testing";
		};
/* End PBXNativeTarget section */

/* Begin PBXProject section */
		300B613B1D079A26006BF5FB /* Project object */ = {
			isa = PBXProject;
			attributes = {
				LastSwiftUpdateCheck = 0720;
				LastUpgradeCheck = 0720;
				ORGANIZATIONNAME = 16246;
				TargetAttributes = {
					300B61421D079A26006BF5FB = {
						CreatedOnToolsVersion = 7.2;
					};
					300B61561D079A27006BF5FB = {
						CreatedOnToolsVersion = 7.2;
						TestTargetID = 300B61421D079A26006BF5FB;
					};
					300B61611D079A27006BF5FB = {
						CreatedOnToolsVersion = 7.2;
						TestTargetID = 300B61421D079A26006BF5FB;
					};
				};
			};
			buildConfigurationList = 300B613E1D079A26006BF5FB /* Build configuration list for PBXProject "CS556_A_Bhimani_16246_HW4" */;
			compatibilityVersion = "Xcode 3.2";
			developmentRegion = English;
			hasScannedForEncodings = 0;
			knownRegions = (
				en,
				Base,
			);
			mainGroup = 300B613A1D079A26006BF5FB;
			productRefGroup = 300B61441D079A26006BF5FB /* Products */;
			projectDirPath = "";
			projectRoot = "";
			targets = (
				300B61421D079A26006BF5FB /* CS556_A_Bhimani_16246_HW4 */,
				300B61561D079A27006BF5FB /* CS556_A_Bhimani_16246_HW4Tests */,
				300B61611D079A27006BF5FB /* CS556_A_Bhimani_16246_HW4UITests */,
			);
		};
/* End PBXProject section */

/* Begin PBXResourcesBuildPhase section */
		300B61411D079A26006BF5FB /* Resources */ = {
			isa = PBXResourcesBuildPhase;
			buildActionMask = 2147483647;
			files = (
				300B61511D079A26006BF5FB /* LaunchScreen.storyboard in Resources */,
				300B614E1D079A26006BF5FB /* Assets.xcassets in Resources */,
				300B614C1D079A26006BF5FB /* Main.storyboard in Resources */,
			);
			runOnlyForDeploymentPostprocessing = 0;
		};
		300B61551D079A27006BF5FB /* Resources */ = {
			isa = PBXResourcesBuildPhase;
			buildActionMask = 2147483647;
			files = (
			);
			runOnlyForDeploymentPostprocessing = 0;
		};
		300B61601D079A27006BF5FB /* Resources */ = {
			isa = PBXResourcesBuildPhase;
			buildActionMask = 2147483647;
			files = (
			);
			runOnlyForDeploymentPostprocessing = 0;
		};
/* End PBXResourcesBuildPhase section */

/* Begin PBXSourcesBuildPhase section */
		300B613F1D079A26006BF5FB /* Sources */ = {
			isa = PBXSourcesBuildPhase;
			buildActionMask = 2147483647;
			files = (
				300B61491D079A26006BF5FB /* ViewController.swift in Sources */,
				300B61471D079A26006BF5FB /* AppDelegate.swift in Sources */,
			);
			runOnlyForDeploymentPostprocessing = 0;
		};
		300B61531D079A27006BF5FB /* Sources */ = {
			isa = PBXSourcesBuildPhase;
			buildActionMask = 2147483647;
			files = (
				300B615C1D079A27006BF5FB /* CS556_A_Bhimani_16246_HW4Tests.swift in Sources */,
			);
			runOnlyForDeploymentPostprocessing = 0;
		};
		300B615E1D079A27006BF5FB /* Sources */ = {
			isa = PBXSourcesBuildPhase;
			buildActionMask = 2147483647;
			files = (
				300B61671D079A27006BF5FB /* CS556_A_Bhimani_16246_HW4UITests.swift in Sources */,
			);
			runOnlyForDeploymentPostprocessing = 0;
		};
/* End PBXSourcesBuildPhase section */

/* Begin PBXTargetDependency section */
		300B61591D079A27006BF5FB /* PBXTargetDependency */ = {
			isa = PBXTargetDependency;
			target = 300B61421D079A26006BF5FB /* CS556_A_Bhimani_16246_HW4 */;
			targetProxy = 300B61581D079A27006BF5FB /* PBXContainerItemProxy */;
		};
		300B61641D079A27006BF5FB /* PBXTargetDependency */ = {
			isa = PBXTargetDependency;
			target = 300B61421D079A26006BF5FB /* CS556_A_Bhimani_16246_HW4 */;
			targetProxy = 300B61631D079A27006BF5FB /* PBXContainerItemProxy */;
		};
/* End PBXTargetDependency section */

/* Begin PBXVariantGroup section */
		300B614A1D079A26006BF5FB /* Main.storyboard */ = {
			isa = PBXVariantGroup;
			children = (
				300B614B1D079A26006BF5FB /* Base */,
			);
			name = Main.storyboard;
			sourceTree = "<group>";
		};
		300B614F1D079A26006BF5FB /* LaunchScreen.storyboard */ = {
			isa = PBXVariantGroup;
			children = (
				300B61501D079A26006BF5FB /* Base */,
			);
			name = LaunchScreen.storyboard;
			sourceTree = "<group>";
		};
/* End PBXVariantGroup section */

/* Begin XCBuildConfiguration section */
		300B61691D079A27006BF5FB /* Debug */ = {
			isa = XCBuildConfiguration;
			buildSettings = {
				ALWAYS_SEARCH_USER_PATHS = NO;
				CLANG_CXX_LANGUAGE_STANDARD = "gnu++0x";
				CLANG_CXX_LIBRARY = "libc++";
				CLANG_ENABLE_MODULES = YES;
				CLANG_ENABLE_OBJC_ARC = YES;
				CLANG_WARN_BOOL_CONVERSION = YES;
				CLANG_WARN_CONSTANT_CONVERSION = YES;
				CLANG_WARN_DIRECT_OBJC_ISA_USAGE = YES_ERROR;
				CLANG_WARN_EMPTY_BODY = YES;
				CLANG_WARN_ENUM_CONVERSION = YES;
				CLANG_WARN_INT_CONVERSION = YES;
				CLANG_WARN_OBJC_ROOT_CLASS = YES_ERROR;
				CLANG_WARN_UNREACHABLE_CODE = YES;
				CLANG_WARN__DUPLICATE_METHOD_MATCH = YES;
				"CODE_SIGN_IDENTITY[sdk=iphoneos*]" = "iPhone Developer";
				COPY_PHASE_STRIP = NO;
				DEBUG_INFORMATION_FORMAT = dwarf;
				ENABLE_STRICT_OBJC_MSGSEND = YES;
				ENABLE_TESTABILITY = YES;
				GCC_C_LANGUAGE_STANDARD = gnu99;
				GCC_DYNAMIC_NO_PIC = NO;
				GCC_NO_COMMON_BLOCKS = YES;
				GCC_OPTIMIZATION_LEVEL = 0;
				GCC_PREPROCESSOR_DEFINITIONS = (
					"DEBUG=1",
					"$(inherited)",
				);
				GCC_WARN_64_TO_32_BIT_CONVERSION = YES;
				GCC_WARN_ABOUT_RETURN_TYPE = YES_ERROR;
				GCC_WARN_UNDECLARED_SELECTOR = YES;
				GCC_WARN_UNINITIALIZED_AUTOS = YES_AGGRESSIVE;
				GCC_WARN_UNUSED_FUNCTION = YES;
				GCC_WARN_UNUSED_VARIABLE = YES;
				IPHONEOS_DEPLOYMENT_TARGET = 9.2;
				MTL_ENABLE_DEBUG_INFO = YES;
				ONLY_ACTIVE_ARCH = YES;
				SDKROOT = iphoneos;
				SWIFT_OPTIMIZATION_LEVEL = "-Onone";
				TARGETED_DEVICE_FAMILY = "1,2";
			};
			name = Debug;
		};
		300B616A1D079A27006BF5FB /* Release */ = {
			isa = XCBuildConfiguration;
			buildSettings = {
				ALWAYS_SEARCH_USER_PATHS = NO;
				CLANG_CXX_LANGUAGE_STANDARD = "gnu++0x";
				CLANG_CXX_LIBRARY = "libc++";
				CLANG_ENABLE_MODULES = YES;
				CLANG_ENABLE_OBJC_ARC = YES;
				CLANG_WARN_BOOL_CONVERSION = YES;
				CLANG_WARN_CONSTANT_CONVERSION = YES;
				CLANG_WARN_DIRECT_OBJC_ISA_USAGE = YES_ERROR;
				CLANG_WARN_EMPTY_BODY = YES;
				CLANG_WARN_ENUM_CONVERSION = YES;
				CLANG_WARN_INT_CONVERSION = YES;
				CLANG_WARN_OBJC_ROOT_CLASS = YES_ERROR;
				CLANG_WARN_UNREACHABLE_CODE = YES;
				CLANG_WARN__DUPLICATE_METHOD_MATCH = YES;
				"CODE_SIGN_IDENTITY[sdk=iphoneos*]" = "iPhone Developer";
				COPY_PHASE_STRIP = NO;
				DEBUG_INFORMATION_FORMAT = "dwarf-with-dsym";
				ENABLE_NS_ASSERTIONS = NO;
				ENABLE_STRICT_OBJC_MSGSEND = YES;
				GCC_C_LANGUAGE_STANDARD = gnu99;
				GCC_NO_COMMON_BLOCKS = YES;
				GCC_WARN_64_TO_32_BIT_CONVERSION = YES;
				GCC_WARN_ABOUT_RETURN_TYPE = YES_ERROR;
				GCC_WARN_UNDECLARED_SELECTOR = YES;
				GCC_WARN_UNINITIALIZED_AUTOS = YES_AGGRESSIVE;
				GCC_WARN_UNUSED_FUNCTION = YES;
				GCC_WARN_UNUSED_VARIABLE = YES;
				IPHONEOS_DEPLOYMENT_TARGET = 9.2;
				MTL_ENABLE_DEBUG_INFO = NO;
				SDKROOT = iphoneos;
				TARGETED_DEVICE_FAMILY = "1,2";
				VALIDATE_PRODUCT = YES;
			};
			name = Release;
		};
		300B616C1D079A27006BF5FB /* Debug */ = {
			isa = XCBuildConfiguration;
			buildSettings = {
				ASSETCATALOG_COMPILER_APPICON_NAME = AppIcon;
				INFOPLIST_FILE = CS556_A_Bhimani_16246_HW4/Info.plist;
				LD_RUNPATH_SEARCH_PATHS = "$(inherited) @executable_path/Frameworks";
				PRODUCT_BUNDLE_IDENTIFIER = "shyam.CS556-A-Bhimani-16246-HW4";
				PRODUCT_NAME = "$(TARGET_NAME)";
			};
			name = Debug;
		};
		300B616D1D079A27006BF5FB /* Release */ = {
			isa = XCBuildConfiguration;
			buildSettings = {
				ASSETCATALOG_COMPILER_APPICON_NAME = AppIcon;
				INFOPLIST_FILE = CS556_A_Bhimani_16246_HW4/Info.plist;
				LD_RUNPATH_SEARCH_PATHS = "$(inherited) @executable_path/Frameworks";
				PRODUCT_BUNDLE_IDENTIFIER = "shyam.CS556-A-Bhimani-16246-HW4";
				PRODUCT_NAME = "$(TARGET_NAME)";
			};
			name = Release;
		};
		300B616F1D079A27006BF5FB /* Debug */ = {
			isa = XCBuildConfiguration;
			buildSettings = {
				BUNDLE_LOADER = "$(TEST_HOST)";
				INFOPLIST_FILE = CS556_A_Bhimani_16246_HW4Tests/Info.plist;
				LD_RUNPATH_SEARCH_PATHS = "$(inherited) @executable_path/Frameworks @loader_path/Frameworks";
				PRODUCT_BUNDLE_IDENTIFIER = "shyam.CS556-A-Bhimani-16246-HW4Tests";
				PRODUCT_NAME = "$(TARGET_NAME)";
				TEST_HOST = "$(BUILT_PRODUCTS_DIR)/CS556_A_Bhimani_16246_HW4.app/CS556_A_Bhimani_16246_HW4";
			};
			name = Debug;
		};
		300B61701D079A27006BF5FB /* Release */ = {
			isa = XCBuildConfiguration;
			buildSettings = {
				BUNDLE_LOADER = "$(TEST_HOST)";
				INFOPLIST_FILE = CS556_A_Bhimani_16246_HW4Tests/Info.plist;
				LD_RUNPATH_SEARCH_PATHS = "$(inherited) @executable_path/Frameworks @loader_path/Frameworks";
				PRODUCT_BUNDLE_IDENTIFIER = "shyam.CS556-A-Bhimani-16246-HW4Tests";
				PRODUCT_NAME = "$(TARGET_NAME)";
				TEST_HOST = "$(BUILT_PRODUCTS_DIR)/CS556_A_Bhimani_16246_HW4.app/CS556_A_Bhimani_16246_HW4";
			};
			name = Release;
		};
		300B61721D079A27006BF5FB /* Debug */ = {
			isa = XCBuildConfiguration;
			buildSettings = {
				INFOPLIST_FILE = CS556_A_Bhimani_16246_HW4UITests/Info.plist;
				LD_RUNPATH_SEARCH_PATHS = "$(inherited) @executable_path/Frameworks @loader_path/Frameworks";
				PRODUCT_BUNDLE_IDENTIFIER = "shyam.CS556-A-Bhimani-16246-HW4UITests";
				PRODUCT_NAME = "$(TARGET_NAME)";
				TEST_TARGET_NAME = CS556_A_Bhimani_16246_HW4;
				USES_XCTRUNNER = YES;
			};
			name = Debug;
		};
		300B61731D079A27006BF5FB /* Release */ = {
			isa = XCBuildConfiguration;
			buildSettings = {
				INFOPLIST_FILE = CS556_A_Bhimani_16246_HW4UITests/Info.plist;
				LD_RUNPATH_SEARCH_PATHS = "$(inherited) @executable_path/Frameworks @loader_path/Frameworks";
				PRODUCT_BUNDLE_IDENTIFIER = "shyam.CS556-A-Bhimani-16246-HW4UITests";
				PRODUCT_NAME = "$(TARGET_NAME)";
				TEST_TARGET_NAME = CS556_A_Bhimani_16246_HW4;
				USES_XCTRUNNER = YES;
			};
			name = Release;
		};
/* End XCBuildConfiguration section */

/* Begin XCConfigurationList section */
		300B613E1D079A26006BF5FB /* Build configuration list for PBXProject "CS556_A_Bhimani_16246_HW4" */ = {
			isa = XCConfigurationList;
			buildConfigurations = (
				300B61691D079A27006BF5FB /* Debug */,
				300B616A1D079A27006BF5FB /* Release */,
			);
			defaultConfigurationIsVisible = 0;
			defaultConfigurationName = Release;
		};
		300B616B1D079A27006BF5FB /* Build configuration list for PBXNativeTarget "CS556_A_Bhimani_16246_HW4" */ = {
			isa = XCConfigurationList;
			buildConfigurations = (
				300B616C1D079A27006BF5FB /* Debug */,
				300B616D1D079A27006BF5FB /* Release */,
			);
			defaultConfigurationIsVisible = 0;
			defaultConfigurationName = Release;
		};
		300B616E1D079A27006BF5FB /* Build configuration list for PBXNativeTarget "CS556_A_Bhimani_16246_HW4Tests" */ = {
			isa = XCConfigurationList;
			buildConfigurations = (
				300B616F1D079A27006BF5FB /* Debug */,
				300B61701D079A27006BF5FB /* Release */,
			);
			defaultConfigurationIsVisible = 0;
			defaultConfigurationName = Release;
		};
		300B61711D079A27006BF5FB /* Build configuration list for PBXNativeTarget "CS556_A_Bhimani_16246_HW4UITests" */ = {
			isa = XCConfigurationList;
			buildConfigurations = (
				300B61721D079A27006BF5FB /* Debug */,
				300B61731D079A27006BF5FB /* Release */,
			);
			defaultConfigurationIsVisible = 0;
			defaultConfigurationName = Release;
		};
/* End XCConfigurationList section */
	};
	rootObject = 300B613B1D079A26006BF5FB /* Project object */;
}
